PODS:
  - KFEpubKit (0.0.6):
    - KissXML
    - SSZipArchive
  - KissXML (5.2.2)
  - SSZipArchive (2.1.2)

DEPENDENCIES:
  - KFEpubKit

SPEC REPOS:
  https://github.com/CocoaPods/Specs.git:
    - KFEpubKit
    - KissXML
    - SSZipArchive

SPEC CHECKSUMS:
  KFEpubKit: 945938610590a08cd6301370fb25da837d535292
  KissXML: 4418f32138aec43797891845d682b00fc8cd4677
  SSZipArchive: d4009d2ce5520a421f231fd97028cc0e2667eed8

PODFILE CHECKSUM: 2e029df7e81244eb9bb0ba0770df895a0b3bc05d

COCOAPODS: 1.5.0
